
Microsoft Visual Studio Solution File, Format Version 12.00
# Visual Studio 14
VisualStudioVersion = 14.0.22609.0
MinimumVisualStudioVersion = 10.0.40219.1
Project("{FAE04EC0-301F-11D3-BF4B-00C04F79EFBC}") = "App1", "App1\App1\App1.csproj", "{0C363BE4-464B-42B1-8101-51A54C7BC5A3}"
EndProject
Project("{FAE04EC0-301F-11D3-BF4B-00C04F79EFBC}") = "App1.iOS", "App1\App1.iOS\App1.iOS.csproj", "{89CD0C62-69CB-41B4-B93C-8C74948C1540}"
EndProject
Project("{FAE04EC0-301F-11D3-BF4B-00C04F79EFBC}") = "App1.Droid", "App1\App1.Droid\App1.Droid.csproj", "{25F1969E-5F99-40D1-8988-047B66778457}"
EndProject
Project("{FAE04EC0-301F-11D3-BF4B-00C04F79EFBC}") = "App1.WinPhone", "App1\App1.WinPhone\App1.WinPhone.csproj", "{AA564C2F-482E-43AB-A540-17187E891984}"
EndProject
Global
	GlobalSection(SolutionConfigurationPlatforms) = preSolution
		Ad-Hoc|Any CPU = Ad-Hoc|Any CPU
		Ad-Hoc|ARM = Ad-Hoc|ARM
		Ad-Hoc|iPhone = Ad-Hoc|iPhone
		Ad-Hoc|iPhoneSimulator = Ad-Hoc|iPhoneSimulator
		Ad-Hoc|x86 = Ad-Hoc|x86
		AppStore|Any CPU = AppStore|Any CPU
		AppStore|ARM = AppStore|ARM
		AppStore|iPhone = AppStore|iPhone
		AppStore|iPhoneSimulator = AppStore|iPhoneSimulator
		AppStore|x86 = AppStore|x86
		Debug|Any CPU = Debug|Any CPU
		Debug|ARM = Debug|ARM
		Debug|iPhone = Debug|iPhone
		Debug|iPhoneSimulator = Debug|iPhoneSimulator
		Debug|x86 = Debug|x86
		Release|Any CPU = Release|Any CPU
		Release|ARM = Release|ARM
		Release|iPhone = Release|iPhone
		Release|iPhoneSimulator = Release|iPhoneSimulator
		Release|x86 = Release|x86
	EndGlobalSection
	GlobalSection(ProjectConfigurationPlatforms) = postSolution
		{0C363BE4-464B-42B1-8101-51A54C7BC5A3}.Ad-Hoc|Any CPU.ActiveCfg = Release|Any CPU
		{0C363BE4-464B-42B1-8101-51A54C7BC5A3}.Ad-Hoc|Any CPU.Build.0 = Release|Any CPU
		{0C363BE4-464B-42B1-8101-51A54C7BC5A3}.Ad-Hoc|ARM.ActiveCfg = Release|Any CPU
		{0C363BE4-464B-42B1-8101-51A54C7BC5A3}.Ad-Hoc|ARM.Build.0 = Release|Any CPU
		{0C363BE4-464B-42B1-8101-51A54C7BC5A3}.Ad-Hoc|iPhone.ActiveCfg = Release|Any CPU
		{0C363BE4-464B-42B1-8101-51A54C7BC5A3}.Ad-Hoc|iPhone.Build.0 = Release|Any CPU
		{0C363BE4-464B-42B1-8101-51A54C7BC5A3}.Ad-Hoc|iPhoneSimulator.ActiveCfg = Release|Any CPU
		{0C363BE4-464B-42B1-8101-51A54C7BC5A3}.Ad-Hoc|iPhoneSimulator.Build.0 = Release|Any CPU
		{0C363BE4-464B-42B1-8101-51A54C7BC5A3}.Ad-Hoc|x86.ActiveCfg = Release|Any CPU
		{0C363BE4-464B-42B1-8101-51A54C7BC5A3}.Ad-Hoc|x86.Build.0 = Release|Any CPU
		{0C363BE4-464B-42B1-8101-51A54C7BC5A3}.AppStore|Any CPU.ActiveCfg = Release|Any CPU
		{0C363BE4-464B-42B1-8101-51A54C7BC5A3}.AppStore|Any CPU.Build.0 = Release|Any CPU
		{0C363BE4-464B-42B1-8101-51A54C7BC5A3}.AppStore|ARM.ActiveCfg = Release|Any CPU
		{0C363BE4-464B-42B1-8101-51A54C7BC5A3}.AppStore|ARM.Build.0 = Release|Any CPU
		{0C363BE4-464B-42B1-8101-51A54C7BC5A3}.AppStore|iPhone.ActiveCfg = Release|Any CPU
		{0C363BE4-464B-42B1-8101-51A54C7BC5A3}.AppStore|iPhone.Build.0 = Release|Any CPU
		{0C363BE4-464B-42B1-8101-51A54C7BC5A3}.AppStore|iPhoneSimulator.ActiveCfg = Release|Any CPU
		{0C363BE4-464B-42B1-8101-51A54C7BC5A3}.AppStore|iPhoneSimulator.Build.0 = Release|Any CPU
		{0C363BE4-464B-42B1-8101-51A54C7BC5A3}.AppStore|x86.ActiveCfg = Release|Any CPU
		{0C363BE4-464B-42B1-8101-51A54C7BC5A3}.AppStore|x86.Build.0 = Release|Any CPU
		{0C363BE4-464B-42B1-8101-51A54C7BC5A3}.Debug|Any CPU.ActiveCfg = Debug|Any CPU
		{0C363BE4-464B-42B1-8101-51A54C7BC5A3}.Debug|Any CPU.Build.0 = Debug|Any CPU
		{0C363BE4-464B-42B1-8101-51A54C7BC5A3}.Debug|ARM.ActiveCfg = Debug|Any CPU
		{0C363BE4-464B-42B1-8101-51A54C7BC5A3}.Debug|ARM.Build.0 = Debug|Any CPU
		{0C363BE4-464B-42B1-8101-51A54C7BC5A3}.Debug|iPhone.ActiveCfg = Debug|Any CPU
		{0C363BE4-464B-42B1-8101-51A54C7BC5A3}.Debug|iPhone.Build.0 = Debug|Any CPU
		{0C363BE4-464B-42B1-8101-51A54C7BC5A3}.Debug|iPhoneSimulator.ActiveCfg = Debug|Any CPU
		{0C363BE4-464B-42B1-8101-51A54C7BC5A3}.Debug|iPhoneSimulator.Build.0 = Debug|Any CPU
		{0C363BE4-464B-42B1-8101-51A54C7BC5A3}.Debug|x86.ActiveCfg = Debug|Any CPU
		{0C363BE4-464B-42B1-8101-51A54C7BC5A3}.Debug|x86.Build.0 = Debug|Any CPU
		{0C363BE4-464B-42B1-8101-51A54C7BC5A3}.Release|Any CPU.ActiveCfg = Release|Any CPU
		{0C363BE4-464B-42B1-8101-51A54C7BC5A3}.Release|Any CPU.Build.0 = Release|Any CPU
		{0C363BE4-464B-42B1-8101-51A54C7BC5A3}.Release|ARM.ActiveCfg = Release|Any CPU
		{0C363BE4-464B-42B1-8101-51A54C7BC5A3}.Release|ARM.Build.0 = Release|Any CPU
		{0C363BE4-464B-42B1-8101-51A54C7BC5A3}.Release|iPhone.ActiveCfg = Release|Any CPU
		{0C363BE4-464B-42B1-8101-51A54C7BC5A3}.Release|iPhone.Build.0 = Release|Any CPU
		{0C363BE4-464B-42B1-8101-51A54C7BC5A3}.Release|iPhoneSimulator.ActiveCfg = Release|Any CPU
		{0C363BE4-464B-42B1-8101-51A54C7BC5A3}.Release|iPhoneSimulator.Build.0 = Release|Any CPU
		{0C363BE4-464B-42B1-8101-51A54C7BC5A3}.Release|x86.ActiveCfg = Release|Any CPU
		{0C363BE4-464B-42B1-8101-51A54C7BC5A3}.Release|x86.Build.0 = Release|Any CPU
		{89CD0C62-69CB-41B4-B93C-8C74948C1540}.Ad-Hoc|Any CPU.ActiveCfg = Ad-Hoc|iPhone
		{89CD0C62-69CB-41B4-B93C-8C74948C1540}.Ad-Hoc|ARM.ActiveCfg = Ad-Hoc|iPhone
		{89CD0C62-69CB-41B4-B93C-8C74948C1540}.Ad-Hoc|iPhone.ActiveCfg = Ad-Hoc|iPhone
		{89CD0C62-69CB-41B4-B93C-8C74948C1540}.Ad-Hoc|iPhone.Build.0 = Ad-Hoc|iPhone
		{89CD0C62-69CB-41B4-B93C-8C74948C1540}.Ad-Hoc|iPhoneSimulator.ActiveCfg = Ad-Hoc|iPhoneSimulator
		{89CD0C62-69CB-41B4-B93C-8C74948C1540}.Ad-Hoc|iPhoneSimulator.Build.0 = Ad-Hoc|iPhoneSimulator
		{89CD0C62-69CB-41B4-B93C-8C74948C1540}.Ad-Hoc|x86.ActiveCfg = Ad-Hoc|iPhone
		{89CD0C62-69CB-41B4-B93C-8C74948C1540}.AppStore|Any CPU.ActiveCfg = AppStore|iPhone
		{89CD0C62-69CB-41B4-B93C-8C74948C1540}.AppStore|ARM.ActiveCfg = AppStore|iPhone
		{89CD0C62-69CB-41B4-B93C-8C74948C1540}.AppStore|iPhone.ActiveCfg = AppStore|iPhone
		{89CD0C62-69CB-41B4-B93C-8C74948C1540}.AppStore|iPhone.Build.0 = AppStore|iPhone
		{89CD0C62-69CB-41B4-B93C-8C74948C1540}.AppStore|iPhoneSimulator.ActiveCfg = AppStore|iPhoneSimulator
		{89CD0C62-69CB-41B4-B93C-8C74948C1540}.AppStore|iPhoneSimulator.Build.0 = AppStore|iPhoneSimulator
		{89CD0C62-69CB-41B4-B93C-8C74948C1540}.AppStore|x86.ActiveCfg = AppStore|iPhone
		{89CD0C62-69CB-41B4-B93C-8C74948C1540}.Debug|Any CPU.ActiveCfg = Debug|iPhone
		{89CD0C62-69CB-41B4-B93C-8C74948C1540}.Debug|ARM.ActiveCfg = Debug|iPhone
		{89CD0C62-69CB-41B4-B93C-8C74948C1540}.Debug|iPhone.ActiveCfg = Debug|iPhone
		{89CD0C62-69CB-41B4-B93C-8C74948C1540}.Debug|iPhone.Build.0 = Debug|iPhone
		{89CD0C62-69CB-41B4-B93C-8C74948C1540}.Debug|iPhoneSimulator.ActiveCfg = Debug|iPhoneSimulator
		{89CD0C62-69CB-41B4-B93C-8C74948C1540}.Debug|iPhoneSimulator.Build.0 = Debug|iPhoneSimulator
		{89CD0C62-69CB-41B4-B93C-8C74948C1540}.Debug|x86.ActiveCfg = Debug|iPhone
		{89CD0C62-69CB-41B4-B93C-8C74948C1540}.Release|Any CPU.ActiveCfg = Release|iPhone
		{89CD0C62-69CB-41B4-B93C-8C74948C1540}.Release|ARM.ActiveCfg = Release|iPhone
		{89CD0C62-69CB-41B4-B93C-8C74948C1540}.Release|iPhone.ActiveCfg = Release|iPhone
		{89CD0C62-69CB-41B4-B93C-8C74948C1540}.Release|iPhone.Build.0 = Release|iPhone
		{89CD0C62-69CB-41B4-B93C-8C74948C1540}.Release|iPhoneSimulator.ActiveCfg = Release|iPhoneSimulator
		{89CD0C62-69CB-41B4-B93C-8C74948C1540}.Release|iPhoneSimulator.Build.0 = Release|iPhoneSimulator
		{89CD0C62-69CB-41B4-B93C-8C74948C1540}.Release|x86.ActiveCfg = Release|iPhone
		{25F1969E-5F99-40D1-8988-047B66778457}.Ad-Hoc|Any CPU.ActiveCfg = Release|Any CPU
		{25F1969E-5F99-40D1-8988-047B66778457}.Ad-Hoc|Any CPU.Build.0 = Release|Any CPU
		{25F1969E-5F99-40D1-8988-047B66778457}.Ad-Hoc|Any CPU.Deploy.0 = Release|Any CPU
		{25F1969E-5F99-40D1-8988-047B66778457}.Ad-Hoc|ARM.ActiveCfg = Release|Any CPU
		{25F1969E-5F99-40D1-8988-047B66778457}.Ad-Hoc|ARM.Build.0 = Release|Any CPU
		{25F1969E-5F99-40D1-8988-047B66778457}.Ad-Hoc|ARM.Deploy.0 = Release|Any CPU
		{25F1969E-5F99-40D1-8988-047B66778457}.Ad-Hoc|iPhone.ActiveCfg = Release|Any CPU
		{25F1969E-5F99-40D1-8988-047B66778457}.Ad-Hoc|iPhone.Build.0 = Release|Any CPU
		{25F1969E-5F99-40D1-8988-047B66778457}.Ad-Hoc|iPhone.Deploy.0 = Release|Any CPU
		{25F1969E-5F99-40D1-8988-047B66778457}.Ad-Hoc|iPhoneSimulator.ActiveCfg = Release|Any CPU
		{25F1969E-5F99-40D1-8988-047B66778457}.Ad-Hoc|iPhoneSimulator.Build.0 = Release|Any CPU
		{25F1969E-5F99-40D1-8988-047B66778457}.Ad-Hoc|iPhoneSimulator.Deploy.0 = Release|Any CPU
		{25F1969E-5F99-40D1-8988-047B66778457}.Ad-Hoc|x86.ActiveCfg = Release|Any CPU
		{25F1969E-5F99-40D1-8988-047B66778457}.Ad-Hoc|x86.Build.0 = Release|Any CPU
		{25F1969E-5F99-40D1-8988-047B66778457}.Ad-Hoc|x86.Deploy.0 = Release|Any CPU
		{25F1969E-5F99-40D1-8988-047B66778457}.AppStore|Any CPU.ActiveCfg = Release|Any CPU
		{25F1969E-5F99-40D1-8988-047B66778457}.AppStore|Any CPU.Build.0 = Release|Any CPU
		{25F1969E-5F99-40D1-8988-047B66778457}.AppStore|Any CPU.Deploy.0 = Release|Any CPU
		{25F1969E-5F99-40D1-8988-047B66778457}.AppStore|ARM.ActiveCfg = Release|Any CPU
		{25F1969E-5F99-40D1-8988-047B66778457}.AppStore|ARM.Build.0 = Release|Any CPU
		{25F1969E-5F99-40D1-8988-047B66778457}.AppStore|ARM.Deploy.0 = Release|Any CPU
		{25F1969E-5F99-40D1-8988-047B66778457}.AppStore|iPhone.ActiveCfg = Release|Any CPU
		{25F1969E-5F99-40D1-8988-047B66778457}.AppStore|iPhone.Build.0 = Release|Any CPU
		{25F1969E-5F99-40D1-8988-047B66778457}.AppStore|iPhone.Deploy.0 = Release|Any CPU
		{25F1969E-5F99-40D1-8988-047B66778457}.AppStore|iPhoneSimulator.ActiveCfg = Release|Any CPU
		{25F1969E-5F99-40D1-8988-047B66778457}.AppStore|iPhoneSimulator.Build.0 = Release|Any CPU
		{25F1969E-5F99-40D1-8988-047B66778457}.AppStore|iPhoneSimulator.Deploy.0 = Release|Any CPU
		{25F1969E-5F99-40D1-8988-047B66778457}.AppStore|x86.ActiveCfg = Release|Any CPU
		{25F1969E-5F99-40D1-8988-047B66778457}.AppStore|x86.Build.0 = Release|Any CPU
		{25F1969E-5F99-40D1-8988-047B66778457}.AppStore|x86.Deploy.0 = Release|Any CPU
		{25F1969E-5F99-40D1-8988-047B66778457}.Debug|Any CPU.ActiveCfg = Debug|Any CPU
		{25F1969E-5F99-40D1-8988-047B66778457}.Debug|Any CPU.Build.0 = Debug|Any CPU
		{25F1969E-5F99-40D1-8988-047B66778457}.Debug|Any CPU.Deploy.0 = Debug|Any CPU
		{25F1969E-5F99-40D1-8988-047B66778457}.Debug|ARM.ActiveCfg = Debug|Any CPU
		{25F1969E-5F99-40D1-8988-047B66778457}.Debug|ARM.Build.0 = Debug|Any CPU
		{25F1969E-5F99-40D1-8988-047B66778457}.Debug|ARM.Deploy.0 = Debug|Any CPU
		{25F1969E-5F99-40D1-8988-047B66778457}.Debug|iPhone.ActiveCfg = Debug|Any CPU
		{25F1969E-5F99-40D1-8988-047B66778457}.Debug|iPhone.Build.0 = Debug|Any CPU
		{25F1969E-5F99-40D1-8988-047B66778457}.Debug|iPhone.Deploy.0 = Debug|Any CPU
		{25F1969E-5F99-40D1-8988-047B66778457}.Debug|iPhoneSimulator.ActiveCfg = Debug|Any CPU
		{25F1969E-5F99-40D1-8988-047B66778457}.Debug|iPhoneSimulator.Build.0 = Debug|Any CPU
		{25F1969E-5F99-40D1-8988-047B66778457}.Debug|iPhoneSimulator.Deploy.0 = Debug|Any CPU
		{25F1969E-5F99-40D1-8988-047B66778457}.Debug|x86.ActiveCfg = Debug|Any CPU
		{25F1969E-5F99-40D1-8988-047B66778457}.Debug|x86.Build.0 = Debug|Any CPU
		{25F1969E-5F99-40D1-8988-047B66778457}.Debug|x86.Deploy.0 = Debug|Any CPU
		{25F1969E-5F99-40D1-8988-047B66778457}.Release|Any CPU.ActiveCfg = Release|Any CPU
		{25F1969E-5F99-40D1-8988-047B66778457}.Release|Any CPU.Build.0 = Release|Any CPU
		{25F1969E-5F99-40D1-8988-047B66778457}.Release|Any CPU.Deploy.0 = Release|Any CPU
		{25F1969E-5F99-40D1-8988-047B66778457}.Release|ARM.ActiveCfg = Release|Any CPU
		{25F1969E-5F99-40D1-8988-047B66778457}.Release|ARM.Build.0 = Release|Any CPU
		{25F1969E-5F99-40D1-8988-047B66778457}.Release|ARM.Deploy.0 = Release|Any CPU
		{25F1969E-5F99-40D1-8988-047B66778457}.Release|iPhone.ActiveCfg = Release|Any CPU
		{25F1969E-5F99-40D1-8988-047B66778457}.Release|iPhone.Build.0 = Release|Any CPU
		{25F1969E-5F99-40D1-8988-047B66778457}.Release|iPhone.Deploy.0 = Release|Any CPU
		{25F1969E-5F99-40D1-8988-047B66778457}.Release|iPhoneSimulator.ActiveCfg = Release|Any CPU
		{25F1969E-5F99-40D1-8988-047B66778457}.Release|iPhoneSimulator.Build.0 = Release|Any CPU
		{25F1969E-5F99-40D1-8988-047B66778457}.Release|iPhoneSimulator.Deploy.0 = Release|Any CPU
		{25F1969E-5F99-40D1-8988-047B66778457}.Release|x86.ActiveCfg = Release|Any CPU
		{25F1969E-5F99-40D1-8988-047B66778457}.Release|x86.Build.0 = Release|Any CPU
		{25F1969E-5F99-40D1-8988-047B66778457}.Release|x86.Deploy.0 = Release|Any CPU
		{AA564C2F-482E-43AB-A540-17187E891984}.Ad-Hoc|Any CPU.ActiveCfg = Release|Any CPU
		{AA564C2F-482E-43AB-A540-17187E891984}.Ad-Hoc|Any CPU.Build.0 = Release|Any CPU
		{AA564C2F-482E-43AB-A540-17187E891984}.Ad-Hoc|Any CPU.Deploy.0 = Release|Any CPU
		{AA564C2F-482E-43AB-A540-17187E891984}.Ad-Hoc|ARM.ActiveCfg = Release|ARM
		{AA564C2F-482E-43AB-A540-17187E891984}.Ad-Hoc|ARM.Build.0 = Release|ARM
		{AA564C2F-482E-43AB-A540-17187E891984}.Ad-Hoc|ARM.Deploy.0 = Release|ARM
		{AA564C2F-482E-43AB-A540-17187E891984}.Ad-Hoc|iPhone.ActiveCfg = Release|Any CPU
		{AA564C2F-482E-43AB-A540-17187E891984}.Ad-Hoc|iPhone.Build.0 = Release|Any CPU
		{AA564C2F-482E-43AB-A540-17187E891984}.Ad-Hoc|iPhone.Deploy.0 = Release|Any CPU
		{AA564C2F-482E-43AB-A540-17187E891984}.Ad-Hoc|iPhoneSimulator.ActiveCfg = Release|Any CPU
		{AA564C2F-482E-43AB-A540-17187E891984}.Ad-Hoc|iPhoneSimulator.Build.0 = Release|Any CPU
		{AA564C2F-482E-43AB-A540-17187E891984}.Ad-Hoc|iPhoneSimulator.Deploy.0 = Release|Any CPU
		{AA564C2F-482E-43AB-A540-17187E891984}.Ad-Hoc|x86.ActiveCfg = Release|x86
		{AA564C2F-482E-43AB-A540-17187E891984}.Ad-Hoc|x86.Build.0 = Release|x86
		{AA564C2F-482E-43AB-A540-17187E891984}.Ad-Hoc|x86.Deploy.0 = Release|x86
		{AA564C2F-482E-43AB-A540-17187E891984}.AppStore|Any CPU.ActiveCfg = Release|Any CPU
		{AA564C2F-482E-43AB-A540-17187E891984}.AppStore|Any CPU.Build.0 = Release|Any CPU
		{AA564C2F-482E-43AB-A540-17187E891984}.AppStore|Any CPU.Deploy.0 = Release|Any CPU
		{AA564C2F-482E-43AB-A540-17187E891984}.AppStore|ARM.ActiveCfg = Release|ARM
		{AA564C2F-482E-43AB-A540-17187E891984}.AppStore|ARM.Build.0 = Release|ARM
		{AA564C2F-482E-43AB-A540-17187E891984}.AppStore|ARM.Deploy.0 = Release|ARM
		{AA564C2F-482E-43AB-A540-17187E891984}.AppStore|iPhone.ActiveCfg = Release|Any CPU
		{AA564C2F-482E-43AB-A540-17187E891984}.AppStore|iPhone.Build.0 = Release|Any CPU
		{AA564C2F-482E-43AB-A540-17187E891984}.AppStore|iPhone.Deploy.0 = Release|Any CPU
		{AA564C2F-482E-43AB-A540-17187E891984}.AppStore|iPhoneSimulator.ActiveCfg = Release|Any CPU
		{AA564C2F-482E-43AB-A540-17187E891984}.AppStore|iPhoneSimulator.Build.0 = Release|Any CPU
		{AA564C2F-482E-43AB-A540-17187E891984}.AppStore|iPhoneSimulator.Deploy.0 = Release|Any CPU
		{AA564C2F-482E-43AB-A540-17187E891984}.AppStore|x86.ActiveCfg = Release|x86
		{AA564C2F-482E-43AB-A540-17187E891984}.AppStore|x86.Build.0 = Release|x86
		{AA564C2F-482E-43AB-A540-17187E891984}.AppStore|x86.Deploy.0 = Release|x86
		{AA564C2F-482E-43AB-A540-17187E891984}.Debug|Any CPU.ActiveCfg = Debug|Any CPU
		{AA564C2F-482E-43AB-A540-17187E891984}.Debug|Any CPU.Build.0 = Debug|Any CPU
		{AA564C2F-482E-43AB-A540-17187E891984}.Debug|Any CPU.Deploy.0 = Debug|Any CPU
		{AA564C2F-482E-43AB-A540-17187E891984}.Debug|ARM.ActiveCfg = Debug|ARM
		{AA564C2F-482E-43AB-A540-17187E891984}.Debug|ARM.Build.0 = Debug|ARM
		{AA564C2F-482E-43AB-A540-17187E891984}.Debug|ARM.Deploy.0 = Debug|ARM
		{AA564C2F-482E-43AB-A540-17187E891984}.Debug|iPhone.ActiveCfg = Debug|Any CPU
		{AA564C2F-482E-43AB-A540-17187E891984}.Debug|iPhone.Build.0 = Debug|Any CPU
		{AA564C2F-482E-43AB-A540-17187E891984}.Debug|iPhone.Deploy.0 = Debug|Any CPU
		{AA564C2F-482E-43AB-A540-17187E891984}.Debug|iPhoneSimulator.ActiveCfg = Debug|Any CPU
		{AA564C2F-482E-43AB-A540-17187E891984}.Debug|iPhoneSimulator.Build.0 = Debug|Any CPU
		{AA564C2F-482E-43AB-A540-17187E891984}.Debug|iPhoneSimulator.Deploy.0 = Debug|Any CPU
		{AA564C2F-482E-43AB-A540-17187E891984}.Debug|x86.ActiveCfg = Debug|x86
		{AA564C2F-482E-43AB-A540-17187E891984}.Debug|x86.Build.0 = Debug|x86
		{AA564C2F-482E-43AB-A540-17187E891984}.Debug|x86.Deploy.0 = Debug|x86
		{AA564C2F-482E-43AB-A540-17187E891984}.Release|Any CPU.ActiveCfg = Release|Any CPU
		{AA564C2F-482E-43AB-A540-17187E891984}.Release|Any CPU.Build.0 = Release|Any CPU
		{AA564C2F-482E-43AB-A540-17187E891984}.Release|Any CPU.Deploy.0 = Release|Any CPU
		{AA564C2F-482E-43AB-A540-17187E891984}.Release|ARM.ActiveCfg = Release|ARM
		{AA564C2F-482E-43AB-A540-17187E891984}.Release|ARM.Build.0 = Release|ARM
		{AA564C2F-482E-43AB-A540-17187E891984}.Release|ARM.Deploy.0 = Release|ARM
		{AA564C2F-482E-43AB-A540-17187E891984}.Release|iPhone.ActiveCfg = Release|Any CPU
		{AA564C2F-482E-43AB-A540-17187E891984}.Release|iPhone.Build.0 = Release|Any CPU
		{AA564C2F-482E-43AB-A540-17187E891984}.Release|iPhone.Deploy.0 = Release|Any CPU
		{AA564C2F-482E-43AB-A540-17187E891984}.Release|iPhoneSimulator.ActiveCfg = Release|Any CPU
		{AA564C2F-482E-43AB-A540-17187E891984}.Release|iPhoneSimulator.Build.0 = Release|Any CPU
		{AA564C2F-482E-43AB-A540-17187E891984}.Release|iPhoneSimulator.Deploy.0 = Release|Any CPU
		{AA564C2F-482E-43AB-A540-17187E891984}.Release|x86.ActiveCfg = Release|x86
		{AA564C2F-482E-43AB-A540-17187E891984}.Release|x86.Build.0 = Release|x86
		{AA564C2F-482E-43AB-A540-17187E891984}.Release|x86.Deploy.0 = Release|x86
	EndGlobalSection
	GlobalSection(SolutionProperties) = preSolution
		HideSolutionNode = FALSE
	EndGlobalSection
EndGlobal
